// !$*UTF8*$!
{
	archiveVersion = 1;
	classes = {
	};
	objectVersion = 48;
	objects = {

/* Begin PBXBuildFile section */
		61B2E99D1FD0F7D300CC9DDF /* AppDelegate.swift in Sources */ = {isa = PBXBuildFile; fileRef = 61B2E99C1FD0F7D300CC9DDF /* AppDelegate.swift */; };
		61B2E99F1FD0F7D300CC9DDF /* ViewController.swift in Sources */ = {isa = PBXBuildFile; fileRef = 61B2E99E1FD0F7D300CC9DDF /* ViewController.swift */; };
		61B2E9A11FD0F7D400CC9DDF /* Document.swift in Sources */ = {isa = PBXBuildFile; fileRef = 61B2E9A01FD0F7D400CC9DDF /* Document.swift */; };
		61B2E9A31FD0F7D500CC9DDF /* Assets.xcassets in Resources */ = {isa = PBXBuildFile; fileRef = 61B2E9A21FD0F7D500CC9DDF /* Assets.xcassets */; };
		61B2E9A61FD0F7D500CC9DDF /* Main.storyboard in Resources */ = {isa = PBXBuildFile; fileRef = 61B2E9A41FD0F7D500CC9DDF /* Main.storyboard */; };
		61B2E9B21FD0F7DB00CC9DDF /* d_BrowserUITests.swift in Sources */ = {isa = PBXBuildFile; fileRef = 61B2E9B11FD0F7DB00CC9DDF /* d_BrowserUITests.swift */; };
/* End PBXBuildFile section */

/* Begin PBXContainerItemProxy section */
		61B2E9AE1FD0F7DB00CC9DDF /* PBXContainerItemProxy */ = {
			isa = PBXContainerItemProxy;
			containerPortal = 61B2E9911FD0F7CF00CC9DDF /* Project object */;
			proxyType = 1;
			remoteGlobalIDString = 61B2E9981FD0F7D200CC9DDF;
			remoteInfo = "d·Browser";
		};
/* End PBXContainerItemProxy section */

/* Begin PBXFileReference section */
		61B2E9991FD0F7D200CC9DDF /* d·Browser.app */ = {isa = PBXFileReference; explicitFileType = wrapper.application; includeInIndex = 0; path = "d·Browser.app"; sourceTree = BUILT_PRODUCTS_DIR; };
		61B2E99C1FD0F7D300CC9DDF /* AppDelegate.swift */ = {isa = PBXFileReference; lastKnownFileType = sourcecode.swift; path = AppDelegate.swift; sourceTree = "<group>"; };
		61B2E99E1FD0F7D300CC9DDF /* ViewController.swift */ = {isa = PBXFileReference; lastKnownFileType = sourcecode.swift; path = ViewController.swift; sourceTree = "<group>"; };
		61B2E9A01FD0F7D400CC9DDF /* Document.swift */ = {isa = PBXFileReference; lastKnownFileType = sourcecode.swift; path = Document.swift; sourceTree = "<group>"; };
		61B2E9A21FD0F7D500CC9DDF /* Assets.xcassets */ = {isa = PBXFileReference; lastKnownFileType = folder.assetcatalog; path = Assets.xcassets; sourceTree = "<group>"; };
		61B2E9A51FD0F7D500CC9DDF /* Base */ = {isa = PBXFileReference; lastKnownFileType = file.storyboard; name = Base; path = Base.lproj/Main.storyboard; sourceTree = "<group>"; };
		61B2E9A71FD0F7D600CC9DDF /* Info.plist */ = {isa = PBXFileReference; lastKnownFileType = text.plist.xml; path = Info.plist; sourceTree = "<group>"; };
		61B2E9A81FD0F7D600CC9DDF /* d_Browser.entitlements */ = {isa = PBXFileReference; lastKnownFileType = text.plist.entitlements; path = d_Browser.entitlements; sourceTree = "<group>"; };
		61B2E9AD1FD0F7DB00CC9DDF /* d·BrowserUITests.xctest */ = {isa = PBXFileReference; explicitFileType = wrapper.cfbundle; includeInIndex = 0; path = "d·BrowserUITests.xctest"; sourceTree = BUILT_PRODUCTS_DIR; };
		61B2E9B11FD0F7DB00CC9DDF /* d_BrowserUITests.swift */ = {isa = PBXFileReference; lastKnownFileType = sourcecode.swift; path = d_BrowserUITests.swift; sourceTree = "<group>"; };
		61B2E9B31FD0F7DC00CC9DDF /* Info.plist */ = {isa = PBXFileReference; lastKnownFileType = text.plist.xml; path = Info.plist; sourceTree = "<group>"; };
/* End PBXFileReference section */

/* Begin PBXFrameworksBuildPhase section */
		61B2E9961FD0F7D200CC9DDF /* Frameworks */ = {
			isa = PBXFrameworksBuildPhase;
			buildActionMask = 2147483647;
			files = (
			);
			runOnlyForDeploymentPostprocessing = 0;
		};
		61B2E9AA1FD0F7DB00CC9DDF /* Frameworks */ = {
			isa = PBXFrameworksBuildPhase;
			buildActionMask = 2147483647;
			files = (
			);
			runOnlyForDeploymentPostprocessing = 0;
		};
/* End PBXFrameworksBuildPhase section */

/* Begin PBXGroup section */
		61B2E9901FD0F7CE00CC9DDF = {
			isa = PBXGroup;
			children = (
				61B2E99B1FD0F7D300CC9DDF /* d·Browser */,
				61B2E9B01FD0F7DB00CC9DDF /* d·BrowserUITests */,
				61B2E99A1FD0F7D200CC9DDF /* Products */,
			);
			sourceTree = "<group>";
		};
		61B2E99A1FD0F7D200CC9DDF /* Products */ = {
			isa = PBXGroup;
			children = (
				61B2E9991FD0F7D200CC9DDF /* d·Browser.app */,
				61B2E9AD1FD0F7DB00CC9DDF /* d·BrowserUITests.xctest */,
			);
			name = Products;
			sourceTree = "<group>";
		};
		61B2E99B1FD0F7D300CC9DDF /* d·Browser */ = {
			isa = PBXGroup;
			children = (
				61B2E99C1FD0F7D300CC9DDF /* AppDelegate.swift */,
				61B2E99E1FD0F7D300CC9DDF /* ViewController.swift */,
				61B2E9A01FD0F7D400CC9DDF /* Document.swift */,
				61B2E9A21FD0F7D500CC9DDF /* Assets.xcassets */,
				61B2E9A41FD0F7D500CC9DDF /* Main.storyboard */,
				61B2E9A71FD0F7D600CC9DDF /* Info.plist */,
				61B2E9A81FD0F7D600CC9DDF /* d_Browser.entitlements */,
			);
			path = "d·Browser";
			sourceTree = "<group>";
		};
		61B2E9B01FD0F7DB00CC9DDF /* d·BrowserUITests */ = {
			isa = PBXGroup;
			children = (
				61B2E9B11FD0F7DB00CC9DDF /* d_BrowserUITests.swift */,
				61B2E9B31FD0F7DC00CC9DDF /* Info.plist */,
			);
			path = "d·BrowserUITests";
			sourceTree = "<group>";
		};
/* End PBXGroup section */

/* Begin PBXNativeTarget section */
		61B2E9981FD0F7D200CC9DDF /* d·Browser */ = {
			isa = PBXNativeTarget;
			buildConfigurationList = 61B2E9B61FD0F7DC00CC9DDF /* Build configuration list for PBXNativeTarget "d·Browser" */;
			buildPhases = (
				61B2E9951FD0F7D200CC9DDF /* Sources */,
				61B2E9961FD0F7D200CC9DDF /* Frameworks */,
				61B2E9971FD0F7D200CC9DDF /* Resources */,
			);
			buildRules = (
			);
			dependencies = (
			);
			name = "d·Browser";
			productName = "d·Browser";
			productReference = 61B2E9991FD0F7D200CC9DDF /* d·Browser.app */;
			productType = "com.apple.product-type.application";
		};
		61B2E9AC1FD0F7DB00CC9DDF /* d·BrowserUITests */ = {
			isa = PBXNativeTarget;
			buildConfigurationList = 61B2E9B91FD0F7DC00CC9DDF /* Build configuration list for PBXNativeTarget "d·BrowserUITests" */;
			buildPhases = (
				61B2E9A91FD0F7DB00CC9DDF /* Sources */,
				61B2E9AA1FD0F7DB00CC9DDF /* Frameworks */,
				61B2E9AB1FD0F7DB00CC9DDF /* Resources */,
			);
			buildRules = (
			);
			dependencies = (
				61B2E9AF1FD0F7DB00CC9DDF /* PBXTargetDependency */,
			);
			name = "d·BrowserUITests";
			productName = "d·BrowserUITests";
			productReference = 61B2E9AD1FD0F7DB00CC9DDF /* d·BrowserUITests.xctest */;
			productType = "com.apple.product-type.bundle.ui-testing";
		};
/* End PBXNativeTarget section */

/* Begin PBXProject section */
		61B2E9911FD0F7CF00CC9DDF /* Project object */ = {
			isa = PBXProject;
			attributes = {
				LastSwiftUpdateCheck = 0900;
				LastUpgradeCheck = 0900;
				ORGANIZATIONNAME = "Eruditus-Developers ©";
				TargetAttributes = {
					61B2E9981FD0F7D200CC9DDF = {
						CreatedOnToolsVersion = 9.0;
						ProvisioningStyle = Automatic;
					};
					61B2E9AC1FD0F7DB00CC9DDF = {
						CreatedOnToolsVersion = 9.0;
						ProvisioningStyle = Automatic;
						TestTargetID = 61B2E9981FD0F7D200CC9DDF;
					};
				};
			};
			buildConfigurationList = 61B2E9941FD0F7CF00CC9DDF /* Build configuration list for PBXProject "d·Browser" */;
			compatibilityVersion = "Xcode 8.0";
			developmentRegion = en;
			hasScannedForEncodings = 0;
			knownRegions = (
				en,
				Base,
			);
			mainGroup = 61B2E9901FD0F7CE00CC9DDF;
			productRefGroup = 61B2E99A1FD0F7D200CC9DDF /* Products */;
			projectDirPath = "";
			projectRoot = "";
			targets = (
				61B2E9981FD0F7D200CC9DDF /* d·Browser */,
				61B2E9AC1FD0F7DB00CC9DDF /* d·BrowserUITests */,
			);
		};
/* End PBXProject section */

/* Begin PBXResourcesBuildPhase section */
		61B2E9971FD0F7D200CC9DDF /* Resources */ = {
			isa = PBXResourcesBuildPhase;
			buildActionMask = 2147483647;
			files = (
				61B2E9A31FD0F7D500CC9DDF /* Assets.xcassets in Resources */,
				61B2E9A61FD0F7D500CC9DDF /* Main.storyboard in Resources */,
			);
			runOnlyForDeploymentPostprocessing = 0;
		};
		61B2E9AB1FD0F7DB00CC9DDF /* Resources */ = {
			isa = PBXResourcesBuildPhase;
			buildActionMask = 2147483647;
			files = (
			);
			runOnlyForDeploymentPostprocessing = 0;
		};
/* End PBXResourcesBuildPhase section */

/* Begin PBXSourcesBuildPhase section */
		61B2E9951FD0F7D200CC9DDF /* Sources */ = {
			isa = PBXSourcesBuildPhase;
			buildActionMask = 2147483647;
			files = (
				61B2E99F1FD0F7D300CC9DDF /* ViewController.swift in Sources */,
				61B2E99D1FD0F7D300CC9DDF /* AppDelegate.swift in Sources */,
				61B2E9A11FD0F7D400CC9DDF /* Document.swift in Sources */,
			);
			runOnlyForDeploymentPostprocessing = 0;
		};
		61B2E9A91FD0F7DB00CC9DDF /* Sources */ = {
			isa = PBXSourcesBuildPhase;
			buildActionMask = 2147483647;
			files = (
				61B2E9B21FD0F7DB00CC9DDF /* d_BrowserUITests.swift in Sources */,
			);
			runOnlyForDeploymentPostprocessing = 0;
		};
/* End PBXSourcesBuildPhase section */

/* Begin PBXTargetDependency section */
		61B2E9AF1FD0F7DB00CC9DDF /* PBXTargetDependency */ = {
			isa = PBXTargetDependency;
			target = 61B2E9981FD0F7D200CC9DDF /* d·Browser */;
			targetProxy = 61B2E9AE1FD0F7DB00CC9DDF /* PBXContainerItemProxy */;
		};
/* End PBXTargetDependency section */

/* Begin PBXVariantGroup section */
		61B2E9A41FD0F7D500CC9DDF /* Main.storyboard */ = {
			isa = PBXVariantGroup;
			children = (
				61B2E9A51FD0F7D500CC9DDF /* Base */,
			);
			name = Main.storyboard;
			sourceTree = "<group>";
		};
/* End PBXVariantGroup section */

/* Begin XCBuildConfiguration section */
		61B2E9B41FD0F7DC00CC9DDF /* Debug */ = {
			isa = XCBuildConfiguration;
			buildSettings = {
				ALWAYS_SEARCH_USER_PATHS = NO;
				CLANG_ANALYZER_NONNULL = YES;
				CLANG_ANALYZER_NUMBER_OBJECT_CONVERSION = YES_AGGRESSIVE;
				CLANG_CXX_LANGUAGE_STANDARD = "gnu++14";
				CLANG_CXX_LIBRARY = "libc++";
				CLANG_ENABLE_MODULES = YES;
				CLANG_ENABLE_OBJC_ARC = YES;
				CLANG_WARN_BLOCK_CAPTURE_AUTORELEASING = YES;
				CLANG_WARN_BOOL_CONVERSION = YES;
				CLANG_WARN_COMMA = YES;
				CLANG_WARN_CONSTANT_CONVERSION = YES;
				CLANG_WARN_DIRECT_OBJC_ISA_USAGE = YES_ERROR;
				CLANG_WARN_DOCUMENTATION_COMMENTS = YES;
				CLANG_WARN_EMPTY_BODY = YES;
				CLANG_WARN_ENUM_CONVERSION = YES;
				CLANG_WARN_INFINITE_RECURSION = YES;
				CLANG_WARN_INT_CONVERSION = YES;
				CLANG_WARN_NON_LITERAL_NULL_CONVERSION = YES;
				CLANG_WARN_OBJC_LITERAL_CONVERSION = YES;
				CLANG_WARN_OBJC_ROOT_CLASS = YES_ERROR;
				CLANG_WARN_RANGE_LOOP_ANALYSIS = YES;
				CLANG_WARN_STRICT_PROTOTYPES = YES;
				CLANG_WARN_SUSPICIOUS_MOVE = YES;
				CLANG_WARN_UNGUARDED_AVAILABILITY = YES_AGGRESSIVE;
				CLANG_WARN_UNREACHABLE_CODE = YES;
				CLANG_WARN__DUPLICATE_METHOD_MATCH = YES;
				CODE_SIGN_IDENTITY = "-";
				COPY_PHASE_STRIP = NO;
				DEBUG_INFORMATION_FORMAT = dwarf;
				ENABLE_STRICT_OBJC_MSGSEND = YES;
				ENABLE_TESTABILITY = YES;
				GCC_C_LANGUAGE_STANDARD = gnu11;
				GCC_DYNAMIC_NO_PIC = NO;
				GCC_NO_COMMON_BLOCKS = YES;
				GCC_OPTIMIZATION_LEVEL = 0;
				GCC_PREPROCESSOR_DEFINITIONS = (
					"DEBUG=1",
					"$(inherited)",
				);
				GCC_WARN_64_TO_32_BIT_CONVERSION = YES;
				GCC_WARN_ABOUT_RETURN_TYPE = YES_ERROR;
				GCC_WARN_UNDECLARED_SELECTOR = YES;
				GCC_WARN_UNINITIALIZED_AUTOS = YES_AGGRESSIVE;
				GCC_WARN_UNUSED_FUNCTION = YES;
				GCC_WARN_UNUSED_VARIABLE = YES;
				MACOSX_DEPLOYMENT_TARGET = 10.13;
				MTL_ENABLE_DEBUG_INFO = YES;
				ONLY_ACTIVE_ARCH = YES;
				SDKROOT = macosx;
				SWIFT_ACTIVE_COMPILATION_CONDITIONS = DEBUG;
				SWIFT_OPTIMIZATION_LEVEL = "-Onone";
			};
			name = Debug;
		};
		61B2E9B51FD0F7DC00CC9DDF /* Release */ = {
			isa = XCBuildConfiguration;
			buildSettings = {
				ALWAYS_SEARCH_USER_PATHS = NO;
				CLANG_ANALYZER_NONNULL = YES;
				CLANG_ANALYZER_NUMBER_OBJECT_CONVERSION = YES_AGGRESSIVE;
				CLANG_CXX_LANGUAGE_STANDARD = "gnu++14";
				CLANG_CXX_LIBRARY = "libc++";
				CLANG_ENABLE_MODULES = YES;
				CLANG_ENABLE_OBJC_ARC = YES;
				CLANG_WARN_BLOCK_CAPTURE_AUTORELEASING = YES;
				CLANG_WARN_BOOL_CONVERSION = YES;
				CLANG_WARN_COMMA = YES;
				CLANG_WARN_CONSTANT_CONVERSION = YES;
				CLANG_WARN_DIRECT_OBJC_ISA_USAGE = YES_ERROR;
				CLANG_WARN_DOCUMENTATION_COMMENTS = YES;
				CLANG_WARN_EMPTY_BODY = YES;
				CLANG_WARN_ENUM_CONVERSION = YES;
				CLANG_WARN_INFINITE_RECURSION = YES;
				CLANG_WARN_INT_CONVERSION = YES;
				CLANG_WARN_NON_LITERAL_NULL_CONVERSION = YES;
				CLANG_WARN_OBJC_LITERAL_CONVERSION = YES;
				CLANG_WARN_OBJC_ROOT_CLASS = YES_ERROR;
				CLANG_WARN_RANGE_LOOP_ANALYSIS = YES;
				CLANG_WARN_STRICT_PROTOTYPES = YES;
				CLANG_WARN_SUSPICIOUS_MOVE = YES;
				CLANG_WARN_UNGUARDED_AVAILABILITY = YES_AGGRESSIVE;
				CLANG_WARN_UNREACHABLE_CODE = YES;
				CLANG_WARN__DUPLICATE_METHOD_MATCH = YES;
				CODE_SIGN_IDENTITY = "-";
				COPY_PHASE_STRIP = NO;
				DEBUG_INFORMATION_FORMAT = "dwarf-with-dsym";
				ENABLE_NS_ASSERTIONS = NO;
				ENABLE_STRICT_OBJC_MSGSEND = YES;
				GCC_C_LANGUAGE_STANDARD = gnu11;
				GCC_NO_COMMON_BLOCKS = YES;
				GCC_WARN_64_TO_32_BIT_CONVERSION = YES;
				GCC_WARN_ABOUT_RETURN_TYPE = YES_ERROR;
				GCC_WARN_UNDECLARED_SELECTOR = YES;
				GCC_WARN_UNINITIALIZED_AUTOS = YES_AGGRESSIVE;
				GCC_WARN_UNUSED_FUNCTION = YES;
				GCC_WARN_UNUSED_VARIABLE = YES;
				MACOSX_DEPLOYMENT_TARGET = 10.13;
				MTL_ENABLE_DEBUG_INFO = NO;
				SDKROOT = macosx;
				SWIFT_OPTIMIZATION_LEVEL = "-Owholemodule";
			};
			name = Release;
		};
		61B2E9B71FD0F7DC00CC9DDF /* Debug */ = {
			isa = XCBuildConfiguration;
			buildSettings = {
				ASSETCATALOG_COMPILER_APPICON_NAME = AppIcon;
				CODE_SIGN_ENTITLEMENTS = "d·Browser/d_Browser.entitlements";
				CODE_SIGN_STYLE = Automatic;
				COMBINE_HIDPI_IMAGES = YES;
				INFOPLIST_FILE = "d·Browser/Info.plist";
				LD_RUNPATH_SEARCH_PATHS = "$(inherited) @executable_path/../Frameworks";
				PRODUCT_BUNDLE_IDENTIFIER = "Tom-Cardenas.d-Browser";
				PRODUCT_NAME = "$(TARGET_NAME)";
				SWIFT_VERSION = 4.0;
			};
			name = Debug;
		};
		61B2E9B81FD0F7DC00CC9DDF /* Release */ = {
			isa = XCBuildConfiguration;
			buildSettings = {
				ASSETCATALOG_COMPILER_APPICON_NAME = AppIcon;
				CODE_SIGN_ENTITLEMENTS = "d·Browser/d_Browser.entitlements";
				CODE_SIGN_STYLE = Automatic;
				COMBINE_HIDPI_IMAGES = YES;
				INFOPLIST_FILE = "d·Browser/Info.plist";
				LD_RUNPATH_SEARCH_PATHS = "$(inherited) @executable_path/../Frameworks";
				PRODUCT_BUNDLE_IDENTIFIER = "Tom-Cardenas.d-Browser";
				PRODUCT_NAME = "$(TARGET_NAME)";
				SWIFT_VERSION = 4.0;
			};
			name = Release;
		};
		61B2E9BA1FD0F7DC00CC9DDF /* Debug */ = {
			isa = XCBuildConfiguration;
			buildSettings = {
				ALWAYS_EMBED_SWIFT_STANDARD_LIBRARIES = YES;
				CODE_SIGN_STYLE = Automatic;
				COMBINE_HIDPI_IMAGES = YES;
				INFOPLIST_FILE = "d·BrowserUITests/Info.plist";
				LD_RUNPATH_SEARCH_PATHS = "$(inherited) @executable_path/../Frameworks @loader_path/../Frameworks";
				PRODUCT_BUNDLE_IDENTIFIER = "Tom-Cardenas.d-BrowserUITests";
				PRODUCT_NAME = "$(TARGET_NAME)";
				SWIFT_VERSION = 4.0;
				TEST_TARGET_NAME = "d·Browser";
			};
			name = Debug;
		};
		61B2E9BB1FD0F7DC00CC9DDF /* Release */ = {
			isa = XCBuildConfiguration;
			buildSettings = {
				ALWAYS_EMBED_SWIFT_STANDARD_LIBRARIES = YES;
				CODE_SIGN_STYLE = Automatic;
				COMBINE_HIDPI_IMAGES = YES;
				INFOPLIST_FILE = "d·BrowserUITests/Info.plist";
				LD_RUNPATH_SEARCH_PATHS = "$(inherited) @executable_path/../Frameworks @loader_path/../Frameworks";
				PRODUCT_BUNDLE_IDENTIFIER = "Tom-Cardenas.d-BrowserUITests";
				PRODUCT_NAME = "$(TARGET_NAME)";
				SWIFT_VERSION = 4.0;
				TEST_TARGET_NAME = "d·Browser";
			};
			name = Release;
		};
/* End XCBuildConfiguration section */

/* Begin XCConfigurationList section */
		61B2E9941FD0F7CF00CC9DDF /* Build configuration list for PBXProject "d·Browser" */ = {
			isa = XCConfigurationList;
			buildConfigurations = (
				61B2E9B41FD0F7DC00CC9DDF /* Debug */,
				61B2E9B51FD0F7DC00CC9DDF /* Release */,
			);
			defaultConfigurationIsVisible = 0;
			defaultConfigurationName = Release;
		};
		61B2E9B61FD0F7DC00CC9DDF /* Build configuration list for PBXNativeTarget "d·Browser" */ = {
			isa = XCConfigurationList;
			buildConfigurations = (
				61B2E9B71FD0F7DC00CC9DDF /* Debug */,
				61B2E9B81FD0F7DC00CC9DDF /* Release */,
			);
			defaultConfigurationIsVisible = 0;
			defaultConfigurationName = Release;
		};
		61B2E9B91FD0F7DC00CC9DDF /* Build configuration list for PBXNativeTarget "d·BrowserUITests" */ = {
			isa = XCConfigurationList;
			buildConfigurations = (
				61B2E9BA1FD0F7DC00CC9DDF /* Debug */,
				61B2E9BB1FD0F7DC00CC9DDF /* Release */,
			);
			defaultConfigurationIsVisible = 0;
			defaultConfigurationName = Release;
		};
/* End XCConfigurationList section */
	};
	rootObject = 61B2E9911FD0F7CF00CC9DDF /* Project object */;
}
